
Microsoft Visual Studio Solution File, Format Version 12.00
# Visual Studio 2013
VisualStudioVersion = 12.0.21005.1
MinimumVisualStudioVersion = 10.0.40219.1
Project("{FAE04EC0-301F-11D3-BF4B-00C04F79EFBC}") = "P6", "P6.csproj", "{7C810817-9EA4-48FE-B6CA-64D7E72F794B}"
EndProject
Project("{2150E333-8FDC-42A3-9474-1A3956D46DE8}") = "Solution Items", "Solution Items", "{EC21D50B-3714-42EA-BA74-EFA9F673E82E}"
EndProject
Global
	GlobalSection(SolutionConfigurationPlatforms) = preSolution
		Debug|Any CPU = Debug|Any CPU
		Release|Any CPU = Release|Any CPU
	EndGlobalSection
	GlobalSection(ProjectConfigurationPlatforms) = postSolution
		{7C810817-9EA4-48FE-B6CA-64D7E72F794B}.Debug|Any CPU.ActiveCfg = Debug|Any CPU
		{7C810817-9EA4-48FE-B6CA-64D7E72F794B}.Debug|Any CPU.Build.0 = Debug|Any CPU
		{7C810817-9EA4-48FE-B6CA-64D7E72F794B}.Release|Any CPU.ActiveCfg = Release|Any CPU
		{7C810817-9EA4-48FE-B6CA-64D7E72F794B}.Release|Any CPU.Build.0 = Release|Any CPU
	EndGlobalSection
	GlobalSection(SolutionProperties) = preSolution
		HideSolutionNode = FALSE
	EndGlobalSection
	GlobalSection(ExtensibilityGlobals) = postSolution
		SolutionGuid = {030EF8D5-8960-40BB-9004-83D53846A246}
	EndGlobalSection
EndGlobal
